
Microsoft Visual Studio Solution File, Format Version 12.00
# Visual Studio Version 17
VisualStudioVersion = 17.2.32630.192
MinimumVisualStudioVersion = 10.0.40219.1
Project("{FAE04EC0-301F-11D3-BF4B-00C04F79EFBC}") = "PitchBlack", "PitchBlack\PitchBlack.csproj", "{05296F23-9FA5-48C1-84A9-8388CC02F0E5}"
EndProject
Global
	GlobalSection(SolutionConfigurationPlatforms) = preSolution
		Debug|Any CPU = Debug|Any CPU
		Release|Any CPU = Release|Any CPU
	EndGlobalSection
	GlobalSection(ProjectConfigurationPlatforms) = postSolution
		{05296F23-9FA5-48C1-84A9-8388CC02F0E5}.Debug|Any CPU.ActiveCfg = Debug|Any CPU
		{05296F23-9FA5-48C1-84A9-8388CC02F0E5}.Debug|Any CPU.Build.0 = Debug|Any CPU
		{05296F23-9FA5-48C1-84A9-8388CC02F0E5}.Release|Any CPU.ActiveCfg = Release|Any CPU
		{05296F23-9FA5-48C1-84A9-8388CC02F0E5}.Release|Any CPU.Build.0 = Release|Any CPU
	EndGlobalSection
	GlobalSection(SolutionProperties) = preSolution
		HideSolutionNode = FALSE
	EndGlobalSection
	GlobalSection(ExtensibilityGlobals) = postSolution
		SolutionGuid = {DF74A679-9399-4FA5-8769-2C08B5A448E1}
	EndGlobalSection
EndGlobal
